
Microsoft Visual Studio Solution File, Format Version 12.00
# Visual Studio Version 17
VisualStudioVersion = 17.14.36705.20 d17.14
MinimumVisualStudioVersion = 10.0.40219.1
Project("{FAE04EC0-301F-11D3-BF4B-00C04F79EFBC}") = "DemoWebHook", "DemoWebHook\DemoWebHook.csproj", "{3EFC5CDD-22D2-4230-B71B-42298FD71EC1}"
EndProject
Global
	GlobalSection(SolutionConfigurationPlatforms) = preSolution
		Debug|Any CPU = Debug|Any CPU
		Release|Any CPU = Release|Any CPU
	EndGlobalSection
	GlobalSection(ProjectConfigurationPlatforms) = postSolution
		{3EFC5CDD-22D2-4230-B71B-42298FD71EC1}.Debug|Any CPU.ActiveCfg = Debug|Any CPU
		{3EFC5CDD-22D2-4230-B71B-42298FD71EC1}.Debug|Any CPU.Build.0 = Debug|Any CPU
		{3EFC5CDD-22D2-4230-B71B-42298FD71EC1}.Release|Any CPU.ActiveCfg = Release|Any CPU
		{3EFC5CDD-22D2-4230-B71B-42298FD71EC1}.Release|Any CPU.Build.0 = Release|Any CPU
	EndGlobalSection
	GlobalSection(SolutionProperties) = preSolution
		HideSolutionNode = FALSE
	EndGlobalSection
	GlobalSection(ExtensibilityGlobals) = postSolution
		SolutionGuid = {900AAED9-B304-40CC-BA5A-4C4469846B37}
	EndGlobalSection
EndGlobal
